
Microsoft Visual Studio Solution File, Format Version 12.00
# Visual Studio Version 17
VisualStudioVersion = 17.4.33205.214
MinimumVisualStudioVersion = 10.0.40219.1
Project("{FAE04EC0-301F-11D3-BF4B-00C04F79EFBC}") = "SATSuma", "SATSuma\SATSuma.csproj", "{EAC158F1-252F-40DE-9DE9-B72E43C213C4}"
EndProject
Global
	GlobalSection(SolutionConfigurationPlatforms) = preSolution
		Debug|Any CPU = Debug|Any CPU
		Release|Any CPU = Release|Any CPU
	EndGlobalSection
	GlobalSection(ProjectConfigurationPlatforms) = postSolution
		{EAC158F1-252F-40DE-9DE9-B72E43C213C4}.Debug|Any CPU.ActiveCfg = Debug|Any CPU
		{EAC158F1-252F-40DE-9DE9-B72E43C213C4}.Debug|Any CPU.Build.0 = Debug|Any CPU
		{EAC158F1-252F-40DE-9DE9-B72E43C213C4}.Release|Any CPU.ActiveCfg = Release|Any CPU
		{EAC158F1-252F-40DE-9DE9-B72E43C213C4}.Release|Any CPU.Build.0 = Release|Any CPU
	EndGlobalSection
	GlobalSection(SolutionProperties) = preSolution
		HideSolutionNode = FALSE
	EndGlobalSection
	GlobalSection(ExtensibilityGlobals) = postSolution
		SolutionGuid = {BD1B9CF5-120B-42E3-B414-6EB7B43F9944}
	EndGlobalSection
EndGlobal
